
Microsoft Visual Studio Solution File, Format Version 12.00
# Visual Studio Version 16
VisualStudioVersion = 16.0.30011.22
MinimumVisualStudioVersion = 10.0.40219.1
Project("{FAE04EC0-301F-11D3-BF4B-00C04F79EFBC}") = "Patikapp_proj_2", "Patikapp_proj_2\Patikapp_proj_2.csproj", "{559F0337-810B-447C-BADE-F9AF50D47431}"
EndProject
Global
	GlobalSection(SolutionConfigurationPlatforms) = preSolution
		Debug|Any CPU = Debug|Any CPU
		Release|Any CPU = Release|Any CPU
	EndGlobalSection
	GlobalSection(ProjectConfigurationPlatforms) = postSolution
		{559F0337-810B-447C-BADE-F9AF50D47431}.Debug|Any CPU.ActiveCfg = Debug|Any CPU
		{559F0337-810B-447C-BADE-F9AF50D47431}.Debug|Any CPU.Build.0 = Debug|Any CPU
		{559F0337-810B-447C-BADE-F9AF50D47431}.Release|Any CPU.ActiveCfg = Release|Any CPU
		{559F0337-810B-447C-BADE-F9AF50D47431}.Release|Any CPU.Build.0 = Release|Any CPU
	EndGlobalSection
	GlobalSection(SolutionProperties) = preSolution
		HideSolutionNode = FALSE
	EndGlobalSection
	GlobalSection(ExtensibilityGlobals) = postSolution
		SolutionGuid = {122AF5D1-541B-47B8-AEC2-8D38587B0381}
	EndGlobalSection
EndGlobal
